{
  "name": "@ip8/advance",
  "version": "1.0.0",
  "lockfileVersion": 2,
  "requires": true,
  "packages": {
    "": {
      "name": "@ip8/advance",
      "version": "1.0.0",
      "license": "ISC",
      "dependencies": {
        "@ip8/basic-2": "^1.0.0",
        "@ip8/medium": "^1.0.0"
      }
    },
    "node_modules/@ip8/basic": {
      "version": "1.0.1",
      "resolved": "https://registry.npmjs.org/@ip8/basic/-/basic-1.0.1.tgz",
      "integrity": "sha512-JT1pUBl/JyHJCzg1tzk/K/ppnlDPwU13l8GV+ziPmxNejNvxJuLdZW6woxcCJSgM5EdENjGeKhof03MzNhtT0w=="
    },
    "node_modules/@ip8/basic-2": {
      "version": "1.0.0",
      "resolved": "https://registry.npmjs.org/@ip8/basic-2/-/basic-2-1.0.0.tgz",
      "integrity": "sha512-LJA6uvJo5VtmfiUT0vRlf40ad6hlZpIUJ3HuaDS34DqZ6IRyvdE3qobdQmUFHWCJvjFQUTbiak3OnoYn+6Oodg=="
    },
    "node_modules/@ip8/medium": {
      "version": "1.0.0",
      "resolved": "https://registry.npmjs.org/@ip8/medium/-/medium-1.0.0.tgz",
      "integrity": "sha512-73hXTMMwkCJ/wulAY4ecgp1A+28ABkJkwTkHgTEGDFGVkRp7RexcrUXRKbm15gxP53tZ2DLmGa27uCPOvWNLUw==",
      "dependencies": {
        "@ip8/basic": "^1.0.1"
      }
    }
  },
  "dependencies": {
    "@ip8/basic": {
      "version": "1.0.1",
      "resolved": "https://registry.npmjs.org/@ip8/basic/-/basic-1.0.1.tgz",
      "integrity": "sha512-JT1pUBl/JyHJCzg1tzk/K/ppnlDPwU13l8GV+ziPmxNejNvxJuLdZW6woxcCJSgM5EdENjGeKhof03MzNhtT0w=="
    },
    "@ip8/basic-2": {
      "version": "1.0.0",
      "resolved": "https://registry.npmjs.org/@ip8/basic-2/-/basic-2-1.0.0.tgz",
      "integrity": "sha512-LJA6uvJo5VtmfiUT0vRlf40ad6hlZpIUJ3HuaDS34DqZ6IRyvdE3qobdQmUFHWCJvjFQUTbiak3OnoYn+6Oodg=="
    },
    "@ip8/medium": {
      "version": "1.0.0",
      "resolved": "https://registry.npmjs.org/@ip8/medium/-/medium-1.0.0.tgz",
      "integrity": "sha512-73hXTMMwkCJ/wulAY4ecgp1A+28ABkJkwTkHgTEGDFGVkRp7RexcrUXRKbm15gxP53tZ2DLmGa27uCPOvWNLUw==",
      "requires": {
        "@ip8/basic": "^1.0.1"
      }
    }
  }
}
